
Microsoft Visual Studio Solution File, Format Version 12.00
# Visual Studio Version 17
VisualStudioVersion = 17.14.37614.0 d17.14
MinimumVisualStudioVersion = 10.0.40219.1
Project("{FAE04EC0-301F-11D3-BF4B-00C04F79EFBC}") = "NvyLesson15", "NvyLesson15.csproj", "{029C132D-8B8C-4B0F-A937-712F2F1126F5}"
EndProject
Global
	GlobalSection(SolutionConfigurationPlatforms) = preSolution
		Debug|Any CPU = Debug|Any CPU
		Release|Any CPU = Release|Any CPU
	EndGlobalSection
	GlobalSection(ProjectConfigurationPlatforms) = postSolution
		{029C132D-8B8C-4B0F-A937-712F2F1126F5}.Debug|Any CPU.ActiveCfg = Debug|Any CPU
		{029C132D-8B8C-4B0F-A937-712F2F1126F5}.Debug|Any CPU.Build.0 = Debug|Any CPU
		{029C132D-8B8C-4B0F-A937-712F2F1126F5}.Release|Any CPU.ActiveCfg = Release|Any CPU
		{029C132D-8B8C-4B0F-A937-712F2F1126F5}.Release|Any CPU.Build.0 = Release|Any CPU
	EndGlobalSection
	GlobalSection(SolutionProperties) = preSolution
		HideSolutionNode = FALSE
	EndGlobalSection
	GlobalSection(ExtensibilityGlobals) = postSolution
		SolutionGuid = {D2735615-1D56-46A2-BA76-D5BFF6098B6E}
	EndGlobalSection
EndGlobal
