
Microsoft Visual Studio Solution File, Format Version 12.00
# Visual Studio Version 17
VisualStudioVersion = 17.14.37614.0 d17.14
MinimumVisualStudioVersion = 10.0.40219.1
Project("{FAE04EC0-301F-11D3-BF4B-00C04F79EFBC}") = "nvylessson07", "nvylessson07.csproj", "{15D2B6DA-D87A-49CC-BDDD-E69595D728C3}"
EndProject
Global
	GlobalSection(SolutionConfigurationPlatforms) = preSolution
		Debug|Any CPU = Debug|Any CPU
		Release|Any CPU = Release|Any CPU
	EndGlobalSection
	GlobalSection(ProjectConfigurationPlatforms) = postSolution
		{15D2B6DA-D87A-49CC-BDDD-E69595D728C3}.Debug|Any CPU.ActiveCfg = Debug|Any CPU
		{15D2B6DA-D87A-49CC-BDDD-E69595D728C3}.Debug|Any CPU.Build.0 = Debug|Any CPU
		{15D2B6DA-D87A-49CC-BDDD-E69595D728C3}.Release|Any CPU.ActiveCfg = Release|Any CPU
		{15D2B6DA-D87A-49CC-BDDD-E69595D728C3}.Release|Any CPU.Build.0 = Release|Any CPU
	EndGlobalSection
	GlobalSection(SolutionProperties) = preSolution
		HideSolutionNode = FALSE
	EndGlobalSection
	GlobalSection(ExtensibilityGlobals) = postSolution
		SolutionGuid = {49C6C496-573C-471C-A2E4-5802FBED51D7}
	EndGlobalSection
EndGlobal
