
Microsoft Visual Studio Solution File, Format Version 12.00
# Visual Studio Version 17
VisualStudioVersion = 17.14.37614.0 d17.14
MinimumVisualStudioVersion = 10.0.40219.1
Project("{FAE04EC0-301F-11D3-BF4B-00C04F79EFBC}") = "lesson04.lad", "lesson04.lad.csproj", "{39484EE0-0476-4F8D-88E2-CFE68EA7C0FB}"
EndProject
Global
	GlobalSection(SolutionConfigurationPlatforms) = preSolution
		Debug|Any CPU = Debug|Any CPU
		Release|Any CPU = Release|Any CPU
	EndGlobalSection
	GlobalSection(ProjectConfigurationPlatforms) = postSolution
		{39484EE0-0476-4F8D-88E2-CFE68EA7C0FB}.Debug|Any CPU.ActiveCfg = Debug|Any CPU
		{39484EE0-0476-4F8D-88E2-CFE68EA7C0FB}.Debug|Any CPU.Build.0 = Debug|Any CPU
		{39484EE0-0476-4F8D-88E2-CFE68EA7C0FB}.Release|Any CPU.ActiveCfg = Release|Any CPU
		{39484EE0-0476-4F8D-88E2-CFE68EA7C0FB}.Release|Any CPU.Build.0 = Release|Any CPU
	EndGlobalSection
	GlobalSection(SolutionProperties) = preSolution
		HideSolutionNode = FALSE
	EndGlobalSection
	GlobalSection(ExtensibilityGlobals) = postSolution
		SolutionGuid = {576E4BC9-8DD5-4CF1-86F2-97AE92592887}
	EndGlobalSection
EndGlobal
